
Microsoft Visual Studio Solution File, Format Version 12.00
# Visual Studio Version 17
VisualStudioVersion = 17.0.31903.59
MinimumVisualStudioVersion = 10.0.40219.1
Project("{FAE04EC0-301F-11D3-BF4B-00C04F79EFBC}") = "vreeda-service-sample-dotnet-tests", "vreeda-service-sample-dotnet-tests\vreeda-service-sample-dotnet-tests.csproj", "{F4976712-116C-48C1-87BE-12826FF9E40B}"
EndProject
Project("{FAE04EC0-301F-11D3-BF4B-00C04F79EFBC}") = "vreeda-service-sample-dotnet", "vreeda-service-sample-dotnet.csproj", "{CF5D239C-CF68-4FB5-8DFF-6A13EFC9F978}"
EndProject
Global
	GlobalSection(SolutionConfigurationPlatforms) = preSolution
		Debug|Any CPU = Debug|Any CPU
		Debug|x64 = Debug|x64
		Debug|x86 = Debug|x86
		Release|Any CPU = Release|Any CPU
		Release|x64 = Release|x64
		Release|x86 = Release|x86
	EndGlobalSection
	GlobalSection(ProjectConfigurationPlatforms) = postSolution
		{F4976712-116C-48C1-87BE-12826FF9E40B}.Debug|Any CPU.ActiveCfg = Debug|Any CPU
		{F4976712-116C-48C1-87BE-12826FF9E40B}.Debug|Any CPU.Build.0 = Debug|Any CPU
		{F4976712-116C-48C1-87BE-12826FF9E40B}.Debug|x64.ActiveCfg = Debug|Any CPU
		{F4976712-116C-48C1-87BE-12826FF9E40B}.Debug|x64.Build.0 = Debug|Any CPU
		{F4976712-116C-48C1-87BE-12826FF9E40B}.Debug|x86.ActiveCfg = Debug|Any CPU
		{F4976712-116C-48C1-87BE-12826FF9E40B}.Debug|x86.Build.0 = Debug|Any CPU
		{F4976712-116C-48C1-87BE-12826FF9E40B}.Release|Any CPU.ActiveCfg = Release|Any CPU
		{F4976712-116C-48C1-87BE-12826FF9E40B}.Release|Any CPU.Build.0 = Release|Any CPU
		{F4976712-116C-48C1-87BE-12826FF9E40B}.Release|x64.ActiveCfg = Release|Any CPU
		{F4976712-116C-48C1-87BE-12826FF9E40B}.Release|x64.Build.0 = Release|Any CPU
		{F4976712-116C-48C1-87BE-12826FF9E40B}.Release|x86.ActiveCfg = Release|Any CPU
		{F4976712-116C-48C1-87BE-12826FF9E40B}.Release|x86.Build.0 = Release|Any CPU
		{CF5D239C-CF68-4FB5-8DFF-6A13EFC9F978}.Debug|Any CPU.ActiveCfg = Debug|Any CPU
		{CF5D239C-CF68-4FB5-8DFF-6A13EFC9F978}.Debug|Any CPU.Build.0 = Debug|Any CPU
		{CF5D239C-CF68-4FB5-8DFF-6A13EFC9F978}.Debug|x64.ActiveCfg = Debug|Any CPU
		{CF5D239C-CF68-4FB5-8DFF-6A13EFC9F978}.Debug|x64.Build.0 = Debug|Any CPU
		{CF5D239C-CF68-4FB5-8DFF-6A13EFC9F978}.Debug|x86.ActiveCfg = Debug|Any CPU
		{CF5D239C-CF68-4FB5-8DFF-6A13EFC9F978}.Debug|x86.Build.0 = Debug|Any CPU
		{CF5D239C-CF68-4FB5-8DFF-6A13EFC9F978}.Release|Any CPU.ActiveCfg = Release|Any CPU
		{CF5D239C-CF68-4FB5-8DFF-6A13EFC9F978}.Release|Any CPU.Build.0 = Release|Any CPU
		{CF5D239C-CF68-4FB5-8DFF-6A13EFC9F978}.Release|x64.ActiveCfg = Release|Any CPU
		{CF5D239C-CF68-4FB5-8DFF-6A13EFC9F978}.Release|x64.Build.0 = Release|Any CPU
		{CF5D239C-CF68-4FB5-8DFF-6A13EFC9F978}.Release|x86.ActiveCfg = Release|Any CPU
		{CF5D239C-CF68-4FB5-8DFF-6A13EFC9F978}.Release|x86.Build.0 = Release|Any CPU
	EndGlobalSection
	GlobalSection(SolutionProperties) = preSolution
		HideSolutionNode = FALSE
	EndGlobalSection
EndGlobal
